
Microsoft Visual Studio Solution File, Format Version 12.00
# Visual Studio Version 16
VisualStudioVersion = 16.0.29728.190
MinimumVisualStudioVersion = 10.0.40219.1
Project("{F184B08F-C81C-45F6-A57F-5ABD9991F28F}") = "Memória - POO", "Memória - POO.vbproj", "{DFEFDFF6-1BE3-4414-8493-374AFBB0522F}"
EndProject
Global
	GlobalSection(SolutionConfigurationPlatforms) = preSolution
		Debug|Any CPU = Debug|Any CPU
		Release|Any CPU = Release|Any CPU
	EndGlobalSection
	GlobalSection(ProjectConfigurationPlatforms) = postSolution
		{DFEFDFF6-1BE3-4414-8493-374AFBB0522F}.Debug|Any CPU.ActiveCfg = Debug|Any CPU
		{DFEFDFF6-1BE3-4414-8493-374AFBB0522F}.Debug|Any CPU.Build.0 = Debug|Any CPU
		{DFEFDFF6-1BE3-4414-8493-374AFBB0522F}.Release|Any CPU.ActiveCfg = Release|Any CPU
		{DFEFDFF6-1BE3-4414-8493-374AFBB0522F}.Release|Any CPU.Build.0 = Release|Any CPU
	EndGlobalSection
	GlobalSection(SolutionProperties) = preSolution
		HideSolutionNode = FALSE
	EndGlobalSection
	GlobalSection(ExtensibilityGlobals) = postSolution
		SolutionGuid = {FB51A022-6034-4514-9182-1BDF2B7D0EF7}
	EndGlobalSection
EndGlobal
